
Microsoft Visual Studio Solution File, Format Version 12.00
# Visual Studio Version 17
VisualStudioVersion = 17.14.36408.4 d17.14
MinimumVisualStudioVersion = 10.0.40219.1
Project("{FAE04EC0-301F-11D3-BF4B-00C04F79EFBC}") = "ContentRating", "ContentRating\ContentRating.csproj", "{191C8BAD-DFD6-4C34-B098-63611FC86AA0}"
EndProject
Global
	GlobalSection(SolutionConfigurationPlatforms) = preSolution
		Debug|Any CPU = Debug|Any CPU
		Release|Any CPU = Release|Any CPU
	EndGlobalSection
	GlobalSection(ProjectConfigurationPlatforms) = postSolution
		{191C8BAD-DFD6-4C34-B098-63611FC86AA0}.Debug|Any CPU.ActiveCfg = Debug|Any CPU
		{191C8BAD-DFD6-4C34-B098-63611FC86AA0}.Debug|Any CPU.Build.0 = Debug|Any CPU
		{191C8BAD-DFD6-4C34-B098-63611FC86AA0}.Release|Any CPU.ActiveCfg = Release|Any CPU
		{191C8BAD-DFD6-4C34-B098-63611FC86AA0}.Release|Any CPU.Build.0 = Release|Any CPU
	EndGlobalSection
	GlobalSection(SolutionProperties) = preSolution
		HideSolutionNode = FALSE
	EndGlobalSection
	GlobalSection(ExtensibilityGlobals) = postSolution
		SolutionGuid = {1CCE48FF-BECA-4679-A6F1-A2A480A8C272}
	EndGlobalSection
EndGlobal
