
Microsoft Visual Studio Solution File, Format Version 12.00
# Visual Studio Version 17
VisualStudioVersion = 17.14.36408.4 d17.14
MinimumVisualStudioVersion = 10.0.40219.1
Project("{FAE04EC0-301F-11D3-BF4B-00C04F79EFBC}") = "ButtonAction", "ButtonAction\ButtonAction.csproj", "{8760AF20-8FA5-448D-A70E-1C6B131A5322}"
EndProject
Global
	GlobalSection(SolutionConfigurationPlatforms) = preSolution
		Debug|Any CPU = Debug|Any CPU
		Release|Any CPU = Release|Any CPU
	EndGlobalSection
	GlobalSection(ProjectConfigurationPlatforms) = postSolution
		{8760AF20-8FA5-448D-A70E-1C6B131A5322}.Debug|Any CPU.ActiveCfg = Debug|Any CPU
		{8760AF20-8FA5-448D-A70E-1C6B131A5322}.Debug|Any CPU.Build.0 = Debug|Any CPU
		{8760AF20-8FA5-448D-A70E-1C6B131A5322}.Release|Any CPU.ActiveCfg = Release|Any CPU
		{8760AF20-8FA5-448D-A70E-1C6B131A5322}.Release|Any CPU.Build.0 = Release|Any CPU
	EndGlobalSection
	GlobalSection(SolutionProperties) = preSolution
		HideSolutionNode = FALSE
	EndGlobalSection
	GlobalSection(ExtensibilityGlobals) = postSolution
		SolutionGuid = {4C54BABD-18A7-4F33-AD5B-EC79C34381BE}
	EndGlobalSection
EndGlobal
